# This file is generated by running "yarn install" inside your project.
# Manual changes might be lost - proceed with caution!

__metadata:
  version: 4
  cacheKey: 7

"esm@npm:^3.2.25":
  version: 3.2.25
  resolution: "esm@npm:3.2.25"
  checksum: 12a0272aaa15ce4bc07e52cbb66d471cf56ad81ad1a3c1d9f6fa1e29e8c2712716333825e2572f9dbdfdc787e5717a75cb00ce2846e2a50e2bba6971c24402f3
  languageName: node
  linkType: hard

"node-fetch@npm:^2.6.1":
  version: 2.6.1
  resolution: "node-fetch@npm:2.6.1"
  checksum: cbb171635e538162b977eac5dfe7a1e07a9a02e991924377a6435502291e2f823d306b95aabc455caebf4a118ccf836868462bc70ccc3095af02bb9da61fda37
  languageName: node
  linkType: hard

"tmi.js@npm:^1.8.3":
  version: 1.8.3
  resolution: "tmi.js@npm:1.8.3"
  dependencies:
    node-fetch: ^2.6.1
    ws: ^7.4.3
  checksum: 191aff68bef0d4ffd7d6e617816af6458d4dc137b06dfe8938ff5d54d5b0f214affe0ccb06fca1bb82493d3273c54604ae7884f9c9562b106c909da9926c98a7
  languageName: node
  linkType: hard

"twitchbot@workspace:.":
  version: 0.0.0-use.local
  resolution: "twitchbot@workspace:."
  dependencies:
    esm: ^3.2.25
    tmi.js: ^1.8.3
    yarn: ^1.22.10
  languageName: unknown
  linkType: soft

"ws@npm:^7.4.3":
  version: 7.4.5
  resolution: "ws@npm:7.4.5"
  peerDependencies:
    bufferutil: ^4.0.1
    utf-8-validate: ^5.0.2
  peerDependenciesMeta:
    bufferutil:
      optional: true
    utf-8-validate:
      optional: true
  checksum: 20731aa1075336b94677f6741b674469c3c7fce9b70115bb535827c7c108a9d714f0b38ce39289b63c652870f9801afaf096f8aab32da96be62d919e80e4ed32
  languageName: node
  linkType: hard

"yarn@npm:^1.22.10":
  version: 1.22.10
  resolution: "yarn@npm:1.22.10"
  bin:
    yarn: bin/yarn.js
    yarnpkg: bin/yarn.js
  checksum: e43c2102576ac3d79f58f6cddc36726e39d54357bbdd2b9af8ad94d8368e63170555acb4652af08a04354e1a92555d5b293936f9d9b3c8b066872ac11f32cb29
  languageName: node
  linkType: hard
